// !$*UTF8*$!
{
	archiveVersion = 1;
	classes = {
	};
	objectVersion = 51;
	objects = {

/* Begin PBXBuildFile section */
		005B659722378930001460E2 /* AppRoutable.swift in Sources */ = {isa = PBXBuildFile; fileRef = 005B659622378930001460E2 /* AppRoutable.swift */; };
		00A4BCD52236583B00A64228 /* AppDisplayable.swift in Sources */ = {isa = PBXBuildFile; fileRef = 00A4BCD42236583B00A64228 /* AppDisplayable.swift */; };
		00A4BCD72236590D00A64228 /* AppModels.swift in Sources */ = {isa = PBXBuildFile; fileRef = 00A4BCD62236590D00A64228 /* AppModels.swift */; };
		371169372224DD7600E5B26E /* AppDelegate.swift in Sources */ = {isa = PBXBuildFile; fileRef = 371169362224DD7600E5B26E /* AppDelegate.swift */; };
		371169392224DD7600E5B26E /* STRServiceViewController.swift in Sources */ = {isa = PBXBuildFile; fileRef = 371169382224DD7600E5B26E /* STRServiceViewController.swift */; };
		3711693C2224DD7600E5B26E /* Main.storyboard in Resources */ = {isa = PBXBuildFile; fileRef = 3711693A2224DD7600E5B26E /* Main.storyboard */; };
		3711693E2224DD7D00E5B26E /* Assets.xcassets in Resources */ = {isa = PBXBuildFile; fileRef = 3711693D2224DD7D00E5B26E /* Assets.xcassets */; };
		371169412224DD7D00E5B26E /* LaunchScreen.storyboard in Resources */ = {isa = PBXBuildFile; fileRef = 3711693F2224DD7D00E5B26E /* LaunchScreen.storyboard */; };
		3711694C2224DD7D00E5B26E /* ListCharactersInteractorTest.swift in Sources */ = {isa = PBXBuildFile; fileRef = 3711694B2224DD7D00E5B26E /* ListCharactersInteractorTest.swift */; };
		3711695C2225212F00E5B26E /* LoginService.swift in Sources */ = {isa = PBXBuildFile; fileRef = 3711695B2225212F00E5B26E /* LoginService.swift */; };
		66BEB4F92241F45200D021AE /* ShowCharacterPresenter.swift in Sources */ = {isa = PBXBuildFile; fileRef = 66BEB4F82241F45200D021AE /* ShowCharacterPresenter.swift */; };
		A20CD76204FDA51F2F517EA5 /* Pods_STRServiceExampleTests.framework in Frameworks */ = {isa = PBXBuildFile; fileRef = 304B9306989DA1968C5FDAA0 /* Pods_STRServiceExampleTests.framework */; };
		B6162F7232412B8B3247A2A1 /* Pods_STRServiceExample.framework in Frameworks */ = {isa = PBXBuildFile; fileRef = BABE779FEEE11A9CAFE343A2 /* Pods_STRServiceExample.framework */; };
		D109DA50224344BD000DC076 /* AppDelegateExtensions.swift in Sources */ = {isa = PBXBuildFile; fileRef = D109DA4F224344BD000DC076 /* AppDelegateExtensions.swift */; };
		D10A34192256044800C2E03D /* STRServiceViewControllerTest.swift in Sources */ = {isa = PBXBuildFile; fileRef = D10A34182256044800C2E03D /* STRServiceViewControllerTest.swift */; };
		D10ED0542240F46600B5CFD4 /* ShowCharacterInteractor.swift in Sources */ = {isa = PBXBuildFile; fileRef = D10ED0532240F46600B5CFD4 /* ShowCharacterInteractor.swift */; };
		D10ED0582240F4BD00B5CFD4 /* ShowCharacterRouter.swift in Sources */ = {isa = PBXBuildFile; fileRef = D10ED0572240F4BD00B5CFD4 /* ShowCharacterRouter.swift */; };
		D10ED05A2240F4E100B5CFD4 /* ShowCharacterInterfaces.swift in Sources */ = {isa = PBXBuildFile; fileRef = D10ED0592240F4E100B5CFD4 /* ShowCharacterInterfaces.swift */; };
		D10ED05C2240F4F700B5CFD4 /* ShowCharacterModels.swift in Sources */ = {isa = PBXBuildFile; fileRef = D10ED05B2240F4F700B5CFD4 /* ShowCharacterModels.swift */; };
		D10ED05E2240FC7200B5CFD4 /* CharacterService.swift in Sources */ = {isa = PBXBuildFile; fileRef = D10ED05D2240FC7200B5CFD4 /* CharacterService.swift */; };
		D10ED0602240FD0600B5CFD4 /* CharacterWorker.swift in Sources */ = {isa = PBXBuildFile; fileRef = D10ED05F2240FD0600B5CFD4 /* CharacterWorker.swift */; };
		D1137C43224DDA0E00988ED7 /* STRService.swift in Sources */ = {isa = PBXBuildFile; fileRef = D1137C42224DDA0E00988ED7 /* STRService.swift */; };
		D1142B752240E28700FF7BFB /* ShowCharacterViewController.swift in Sources */ = {isa = PBXBuildFile; fileRef = D1142B732240E28700FF7BFB /* ShowCharacterViewController.swift */; };
		D1142B782240EA2A00FF7BFB /* ShowCharacter.storyboard in Resources */ = {isa = PBXBuildFile; fileRef = D1142B772240EA2A00FF7BFB /* ShowCharacter.storyboard */; };
		D1162E1D2244D4600064A131 /* ListHearthstoneCardsViewController.swift in Sources */ = {isa = PBXBuildFile; fileRef = D1162E1C2244D4600064A131 /* ListHearthstoneCardsViewController.swift */; };
		D1162E1F2244D4810064A131 /* ListHearthstoneCards.storyboard in Resources */ = {isa = PBXBuildFile; fileRef = D1162E1E2244D4810064A131 /* ListHearthstoneCards.storyboard */; };
		D118CB18223B9CD2009C6802 /* MainViewController.swift in Sources */ = {isa = PBXBuildFile; fileRef = D118CB17223B9CD2009C6802 /* MainViewController.swift */; };
		D118CB1B223B9F80009C6802 /* STRService.storyboard in Resources */ = {isa = PBXBuildFile; fileRef = D118CB1A223B9F80009C6802 /* STRService.storyboard */; };
		D118CB1E223BA478009C6802 /* ListCharacters.storyboard in Resources */ = {isa = PBXBuildFile; fileRef = D118CB1D223BA478009C6802 /* ListCharacters.storyboard */; };
		D118CB20223BA492009C6802 /* ListCharactersViewController.swift in Sources */ = {isa = PBXBuildFile; fileRef = D118CB1F223BA492009C6802 /* ListCharactersViewController.swift */; };
		D118CB27223BACCC009C6802 /* AuthenticationWorker.swift in Sources */ = {isa = PBXBuildFile; fileRef = D118CB24223BACCC009C6802 /* AuthenticationWorker.swift */; };
		D118CB28223BACCC009C6802 /* AuthenticationInterface.swift in Sources */ = {isa = PBXBuildFile; fileRef = D118CB25223BACCC009C6802 /* AuthenticationInterface.swift */; };
		D118CB29223BACCC009C6802 /* AuthenticationNetworkService.swift in Sources */ = {isa = PBXBuildFile; fileRef = D118CB26223BACCC009C6802 /* AuthenticationNetworkService.swift */; };
		D118CB2E223BACED009C6802 /* CoreDependency.swift in Sources */ = {isa = PBXBuildFile; fileRef = D118CB2B223BACED009C6802 /* CoreDependency.swift */; };
		D118CB2F223BACED009C6802 /* Dependency.swift in Sources */ = {isa = PBXBuildFile; fileRef = D118CB2C223BACED009C6802 /* Dependency.swift */; };
		D118CB30223BACED009C6802 /* HasDependency.swift in Sources */ = {isa = PBXBuildFile; fileRef = D118CB2D223BACED009C6802 /* HasDependency.swift */; };
		D118CB32223BACF5009C6802 /* HTTPService.swift in Sources */ = {isa = PBXBuildFile; fileRef = D118CB31223BACF5009C6802 /* HTTPService.swift */; };
		D118CB37223BB704009C6802 /* ListItemViewCell.swift in Sources */ = {isa = PBXBuildFile; fileRef = D118CB35223BB704009C6802 /* ListItemViewCell.swift */; };
		D118CB38223BB704009C6802 /* ListItemViewCell.xib in Resources */ = {isa = PBXBuildFile; fileRef = D118CB36223BB704009C6802 /* ListItemViewCell.xib */; };
		D124845C22422AC9009E68CC /* ShowCharacterInteractorTest.swift in Sources */ = {isa = PBXBuildFile; fileRef = D124845B22422AC9009E68CC /* ShowCharacterInteractorTest.swift */; };
		D17BB9B0224A1F4A0027E5F2 /* ListHearthstoneCardsPresenter.swift in Sources */ = {isa = PBXBuildFile; fileRef = D17BB9AF224A1F4A0027E5F2 /* ListHearthstoneCardsPresenter.swift */; };
		D17BB9B2224A1F570027E5F2 /* ListHearthstoneCardsInteractor.swift in Sources */ = {isa = PBXBuildFile; fileRef = D17BB9B1224A1F570027E5F2 /* ListHearthstoneCardsInteractor.swift */; };
		D17BB9B4224A1F640027E5F2 /* ListHearthstoneCardsRouter.swift in Sources */ = {isa = PBXBuildFile; fileRef = D17BB9B3224A1F640027E5F2 /* ListHearthstoneCardsRouter.swift */; };
		D17BB9B8224A20820027E5F2 /* HearthstoneCardViewCell.swift in Sources */ = {isa = PBXBuildFile; fileRef = D17BB9B6224A20820027E5F2 /* HearthstoneCardViewCell.swift */; };
		D17BB9B9224A20820027E5F2 /* HearthstoneCardViewCell.xib in Resources */ = {isa = PBXBuildFile; fileRef = D17BB9B7224A20820027E5F2 /* HearthstoneCardViewCell.xib */; };
		D17BB9BC224A22CB0027E5F2 /* ListHearthstoneCardsModels.swift in Sources */ = {isa = PBXBuildFile; fileRef = D17BB9BB224A22CB0027E5F2 /* ListHearthstoneCardsModels.swift */; };
		D17BB9BE224A22D90027E5F2 /* ListHearthstoneCardsInterfaces.swift in Sources */ = {isa = PBXBuildFile; fileRef = D17BB9BD224A22D90027E5F2 /* ListHearthstoneCardsInterfaces.swift */; };
		D17BB9C3224A24110027E5F2 /* ListHearthstoneCardsService.swift in Sources */ = {isa = PBXBuildFile; fileRef = D17BB9C2224A24110027E5F2 /* ListHearthstoneCardsService.swift */; };
		D17BB9C6224A24670027E5F2 /* HearthstoneCardType.swift in Sources */ = {isa = PBXBuildFile; fileRef = D17BB9C5224A24670027E5F2 /* HearthstoneCardType.swift */; };
		D17BB9C8224A27700027E5F2 /* HearthstoneCardsStoreInterfaces.swift in Sources */ = {isa = PBXBuildFile; fileRef = D17BB9C7224A27700027E5F2 /* HearthstoneCardsStoreInterfaces.swift */; };
		D17BB9CA224A277B0027E5F2 /* HearthstoneCardsWorker.swift in Sources */ = {isa = PBXBuildFile; fileRef = D17BB9C9224A277B0027E5F2 /* HearthstoneCardsWorker.swift */; };
		D1F96F08222CDF61006E7272 /* ProfileService.swift in Sources */ = {isa = PBXBuildFile; fileRef = D1F96F07222CDF61006E7272 /* ProfileService.swift */; };
		D1FC28ED223F4DD1001C0F70 /* ListCharactersModels.swift in Sources */ = {isa = PBXBuildFile; fileRef = D1FC28EC223F4DD1001C0F70 /* ListCharactersModels.swift */; };
		D1FC28F1223F5337001C0F70 /* CharacterType.swift in Sources */ = {isa = PBXBuildFile; fileRef = D1FC28F0223F5337001C0F70 /* CharacterType.swift */; };
		D1FC28F3223F571F001C0F70 /* ListCharactersInterfaces.swift in Sources */ = {isa = PBXBuildFile; fileRef = D1FC28F2223F571F001C0F70 /* ListCharactersInterfaces.swift */; };
		D1FC28F6223F5AB3001C0F70 /* DataError.swift in Sources */ = {isa = PBXBuildFile; fileRef = D1FC28F5223F5AB3001C0F70 /* DataError.swift */; };
		D1FC28F9223F5D4F001C0F70 /* Routable.swift in Sources */ = {isa = PBXBuildFile; fileRef = D1FC28F8223F5D4F001C0F70 /* Routable.swift */; };
		D1FC28FB223F7885001C0F70 /* ListCharactersInteractor.swift in Sources */ = {isa = PBXBuildFile; fileRef = D1FC28FA223F7885001C0F70 /* ListCharactersInteractor.swift */; };
		D1FC28FD223F78A5001C0F70 /* ListCharactersPresenter.swift in Sources */ = {isa = PBXBuildFile; fileRef = D1FC28FC223F78A5001C0F70 /* ListCharactersPresenter.swift */; };
		D1FC28FF223F78BF001C0F70 /* ListCharactersRouter.swift in Sources */ = {isa = PBXBuildFile; fileRef = D1FC28FE223F78BF001C0F70 /* ListCharactersRouter.swift */; };
		D1FC2902223F843D001C0F70 /* CharactersStoreInterfaces.swift in Sources */ = {isa = PBXBuildFile; fileRef = D1FC2901223F843D001C0F70 /* CharactersStoreInterfaces.swift */; };
		D1FC2904223F8475001C0F70 /* CharactersWorker.swift in Sources */ = {isa = PBXBuildFile; fileRef = D1FC2903223F8475001C0F70 /* CharactersWorker.swift */; };
		D1FC2907223F87A9001C0F70 /* Result.swift in Sources */ = {isa = PBXBuildFile; fileRef = D1FC2906223F87A9001C0F70 /* Result.swift */; };
		D1FC2909223F880A001C0F70 /* ListCharactersService.swift in Sources */ = {isa = PBXBuildFile; fileRef = D1FC2908223F880A001C0F70 /* ListCharactersService.swift */; };
/* End PBXBuildFile section */

/* Begin PBXContainerItemProxy section */
		371169482224DD7D00E5B26E /* PBXContainerItemProxy */ = {
			isa = PBXContainerItemProxy;
			containerPortal = 3711692B2224DD7600E5B26E /* Project object */;
			proxyType = 1;
			remoteGlobalIDString = 371169322224DD7600E5B26E;
			remoteInfo = STRServiceExample;
		};
/* End PBXContainerItemProxy section */

/* Begin PBXFileReference section */
		005B659622378930001460E2 /* AppRoutable.swift */ = {isa = PBXFileReference; lastKnownFileType = sourcecode.swift; path = AppRoutable.swift; sourceTree = "<group>"; };
		00A4BCD42236583B00A64228 /* AppDisplayable.swift */ = {isa = PBXFileReference; lastKnownFileType = sourcecode.swift; path = AppDisplayable.swift; sourceTree = "<group>"; };
		00A4BCD62236590D00A64228 /* AppModels.swift */ = {isa = PBXFileReference; lastKnownFileType = sourcecode.swift; path = AppModels.swift; sourceTree = "<group>"; };
		031BCD420C48842B058AE933 /* Pods-STRServiceExample.release.xcconfig */ = {isa = PBXFileReference; includeInIndex = 1; lastKnownFileType = text.xcconfig; name = "Pods-STRServiceExample.release.xcconfig"; path = "Target Support Files/Pods-STRServiceExample/Pods-STRServiceExample.release.xcconfig"; sourceTree = "<group>"; };
		0C71FFB9B02FAA243185650E /* Pods-STRServiceExampleTests.debug.xcconfig */ = {isa = PBXFileReference; includeInIndex = 1; lastKnownFileType = text.xcconfig; name = "Pods-STRServiceExampleTests.debug.xcconfig"; path = "Target Support Files/Pods-STRServiceExampleTests/Pods-STRServiceExampleTests.debug.xcconfig"; sourceTree = "<group>"; };
		304B9306989DA1968C5FDAA0 /* Pods_STRServiceExampleTests.framework */ = {isa = PBXFileReference; explicitFileType = wrapper.framework; includeInIndex = 0; path = Pods_STRServiceExampleTests.framework; sourceTree = BUILT_PRODUCTS_DIR; };
		371169332224DD7600E5B26E /* STRServiceExample.app */ = {isa = PBXFileReference; explicitFileType = wrapper.application; includeInIndex = 0; path = STRServiceExample.app; sourceTree = BUILT_PRODUCTS_DIR; };
		371169362224DD7600E5B26E /* AppDelegate.swift */ = {isa = PBXFileReference; lastKnownFileType = sourcecode.swift; path = AppDelegate.swift; sourceTree = "<group>"; };
		371169382224DD7600E5B26E /* STRServiceViewController.swift */ = {isa = PBXFileReference; lastKnownFileType = sourcecode.swift; path = STRServiceViewController.swift; sourceTree = "<group>"; };
		3711693B2224DD7600E5B26E /* Base */ = {isa = PBXFileReference; lastKnownFileType = file.storyboard; name = Base; path = Base.lproj/Main.storyboard; sourceTree = "<group>"; };
		3711693D2224DD7D00E5B26E /* Assets.xcassets */ = {isa = PBXFileReference; lastKnownFileType = folder.assetcatalog; path = Assets.xcassets; sourceTree = "<group>"; };
		371169402224DD7D00E5B26E /* Base */ = {isa = PBXFileReference; lastKnownFileType = file.storyboard; name = Base; path = Base.lproj/LaunchScreen.storyboard; sourceTree = "<group>"; };
		371169422224DD7D00E5B26E /* Info.plist */ = {isa = PBXFileReference; lastKnownFileType = text.plist.xml; path = Info.plist; sourceTree = "<group>"; };
		371169472224DD7D00E5B26E /* STRServiceExampleTests.xctest */ = {isa = PBXFileReference; explicitFileType = wrapper.cfbundle; includeInIndex = 0; path = STRServiceExampleTests.xctest; sourceTree = BUILT_PRODUCTS_DIR; };
		3711694B2224DD7D00E5B26E /* ListCharactersInteractorTest.swift */ = {isa = PBXFileReference; lastKnownFileType = sourcecode.swift; path = ListCharactersInteractorTest.swift; sourceTree = "<group>"; };
		3711694D2224DD7D00E5B26E /* Info.plist */ = {isa = PBXFileReference; lastKnownFileType = text.plist.xml; path = Info.plist; sourceTree = "<group>"; };
		3711695B2225212F00E5B26E /* LoginService.swift */ = {isa = PBXFileReference; fileEncoding = 4; lastKnownFileType = sourcecode.swift; path = LoginService.swift; sourceTree = "<group>"; };
		66BEB4F82241F45200D021AE /* ShowCharacterPresenter.swift */ = {isa = PBXFileReference; fileEncoding = 4; lastKnownFileType = sourcecode.swift; path = ShowCharacterPresenter.swift; sourceTree = "<group>"; };
		B70055D2B0E4619695536F44 /* Pods-STRServiceExample.debug.xcconfig */ = {isa = PBXFileReference; includeInIndex = 1; lastKnownFileType = text.xcconfig; name = "Pods-STRServiceExample.debug.xcconfig"; path = "Target Support Files/Pods-STRServiceExample/Pods-STRServiceExample.debug.xcconfig"; sourceTree = "<group>"; };
		BABE779FEEE11A9CAFE343A2 /* Pods_STRServiceExample.framework */ = {isa = PBXFileReference; explicitFileType = wrapper.framework; includeInIndex = 0; path = Pods_STRServiceExample.framework; sourceTree = BUILT_PRODUCTS_DIR; };
		D109DA4F224344BD000DC076 /* AppDelegateExtensions.swift */ = {isa = PBXFileReference; lastKnownFileType = sourcecode.swift; path = AppDelegateExtensions.swift; sourceTree = "<group>"; };
		D10A34182256044800C2E03D /* STRServiceViewControllerTest.swift */ = {isa = PBXFileReference; lastKnownFileType = sourcecode.swift; path = STRServiceViewControllerTest.swift; sourceTree = "<group>"; };
		D10ED0532240F46600B5CFD4 /* ShowCharacterInteractor.swift */ = {isa = PBXFileReference; lastKnownFileType = sourcecode.swift; path = ShowCharacterInteractor.swift; sourceTree = "<group>"; };
		D10ED0572240F4BD00B5CFD4 /* ShowCharacterRouter.swift */ = {isa = PBXFileReference; lastKnownFileType = sourcecode.swift; path = ShowCharacterRouter.swift; sourceTree = "<group>"; };
		D10ED0592240F4E100B5CFD4 /* ShowCharacterInterfaces.swift */ = {isa = PBXFileReference; lastKnownFileType = sourcecode.swift; path = ShowCharacterInterfaces.swift; sourceTree = "<group>"; };
		D10ED05B2240F4F700B5CFD4 /* ShowCharacterModels.swift */ = {isa = PBXFileReference; lastKnownFileType = sourcecode.swift; path = ShowCharacterModels.swift; sourceTree = "<group>"; };
		D10ED05D2240FC7200B5CFD4 /* CharacterService.swift */ = {isa = PBXFileReference; lastKnownFileType = sourcecode.swift; path = CharacterService.swift; sourceTree = "<group>"; };
		D10ED05F2240FD0600B5CFD4 /* CharacterWorker.swift */ = {isa = PBXFileReference; lastKnownFileType = sourcecode.swift; path = CharacterWorker.swift; sourceTree = "<group>"; };
		D1137C42224DDA0E00988ED7 /* STRService.swift */ = {isa = PBXFileReference; lastKnownFileType = sourcecode.swift; path = STRService.swift; sourceTree = "<group>"; };
		D1142B732240E28700FF7BFB /* ShowCharacterViewController.swift */ = {isa = PBXFileReference; lastKnownFileType = sourcecode.swift; path = ShowCharacterViewController.swift; sourceTree = "<group>"; };
		D1142B772240EA2A00FF7BFB /* ShowCharacter.storyboard */ = {isa = PBXFileReference; lastKnownFileType = file.storyboard; path = ShowCharacter.storyboard; sourceTree = "<group>"; };
		D1162E1C2244D4600064A131 /* ListHearthstoneCardsViewController.swift */ = {isa = PBXFileReference; lastKnownFileType = sourcecode.swift; path = ListHearthstoneCardsViewController.swift; sourceTree = "<group>"; };
		D1162E1E2244D4810064A131 /* ListHearthstoneCards.storyboard */ = {isa = PBXFileReference; lastKnownFileType = file.storyboard; path = ListHearthstoneCards.storyboard; sourceTree = "<group>"; };
		D118CB17223B9CD2009C6802 /* MainViewController.swift */ = {isa = PBXFileReference; lastKnownFileType = sourcecode.swift; path = MainViewController.swift; sourceTree = "<group>"; };
		D118CB1A223B9F80009C6802 /* STRService.storyboard */ = {isa = PBXFileReference; lastKnownFileType = file.storyboard; path = STRService.storyboard; sourceTree = "<group>"; };
		D118CB1D223BA478009C6802 /* ListCharacters.storyboard */ = {isa = PBXFileReference; lastKnownFileType = file.storyboard; path = ListCharacters.storyboard; sourceTree = "<group>"; };
		D118CB1F223BA492009C6802 /* ListCharactersViewController.swift */ = {isa = PBXFileReference; lastKnownFileType = sourcecode.swift; path = ListCharactersViewController.swift; sourceTree = "<group>"; };
		D118CB24223BACCC009C6802 /* AuthenticationWorker.swift */ = {isa = PBXFileReference; fileEncoding = 4; lastKnownFileType = sourcecode.swift; path = AuthenticationWorker.swift; sourceTree = "<group>"; };
		D118CB25223BACCC009C6802 /* AuthenticationInterface.swift */ = {isa = PBXFileReference; fileEncoding = 4; lastKnownFileType = sourcecode.swift; path = AuthenticationInterface.swift; sourceTree = "<group>"; };
		D118CB26223BACCC009C6802 /* AuthenticationNetworkService.swift */ = {isa = PBXFileReference; fileEncoding = 4; lastKnownFileType = sourcecode.swift; path = AuthenticationNetworkService.swift; sourceTree = "<group>"; };
		D118CB2B223BACED009C6802 /* CoreDependency.swift */ = {isa = PBXFileReference; fileEncoding = 4; lastKnownFileType = sourcecode.swift; path = CoreDependency.swift; sourceTree = "<group>"; };
		D118CB2C223BACED009C6802 /* Dependency.swift */ = {isa = PBXFileReference; fileEncoding = 4; lastKnownFileType = sourcecode.swift; path = Dependency.swift; sourceTree = "<group>"; };
		D118CB2D223BACED009C6802 /* HasDependency.swift */ = {isa = PBXFileReference; fileEncoding = 4; lastKnownFileType = sourcecode.swift; path = HasDependency.swift; sourceTree = "<group>"; };
		D118CB31223BACF5009C6802 /* HTTPService.swift */ = {isa = PBXFileReference; fileEncoding = 4; lastKnownFileType = sourcecode.swift; path = HTTPService.swift; sourceTree = "<group>"; };
		D118CB35223BB704009C6802 /* ListItemViewCell.swift */ = {isa = PBXFileReference; lastKnownFileType = sourcecode.swift; path = ListItemViewCell.swift; sourceTree = "<group>"; };
		D118CB36223BB704009C6802 /* ListItemViewCell.xib */ = {isa = PBXFileReference; lastKnownFileType = file.xib; path = ListItemViewCell.xib; sourceTree = "<group>"; };
		D124845B22422AC9009E68CC /* ShowCharacterInteractorTest.swift */ = {isa = PBXFileReference; lastKnownFileType = sourcecode.swift; path = ShowCharacterInteractorTest.swift; sourceTree = "<group>"; };
		D17BB9AF224A1F4A0027E5F2 /* ListHearthstoneCardsPresenter.swift */ = {isa = PBXFileReference; lastKnownFileType = sourcecode.swift; path = ListHearthstoneCardsPresenter.swift; sourceTree = "<group>"; };
		D17BB9B1224A1F570027E5F2 /* ListHearthstoneCardsInteractor.swift */ = {isa = PBXFileReference; lastKnownFileType = sourcecode.swift; path = ListHearthstoneCardsInteractor.swift; sourceTree = "<group>"; };
		D17BB9B3224A1F640027E5F2 /* ListHearthstoneCardsRouter.swift */ = {isa = PBXFileReference; lastKnownFileType = sourcecode.swift; path = ListHearthstoneCardsRouter.swift; sourceTree = "<group>"; };
		D17BB9B6224A20820027E5F2 /* HearthstoneCardViewCell.swift */ = {isa = PBXFileReference; lastKnownFileType = sourcecode.swift; path = HearthstoneCardViewCell.swift; sourceTree = "<group>"; };
		D17BB9B7224A20820027E5F2 /* HearthstoneCardViewCell.xib */ = {isa = PBXFileReference; lastKnownFileType = file.xib; path = HearthstoneCardViewCell.xib; sourceTree = "<group>"; };
		D17BB9BB224A22CB0027E5F2 /* ListHearthstoneCardsModels.swift */ = {isa = PBXFileReference; lastKnownFileType = sourcecode.swift; path = ListHearthstoneCardsModels.swift; sourceTree = "<group>"; };
		D17BB9BD224A22D90027E5F2 /* ListHearthstoneCardsInterfaces.swift */ = {isa = PBXFileReference; lastKnownFileType = sourcecode.swift; path = ListHearthstoneCardsInterfaces.swift; sourceTree = "<group>"; };
		D17BB9C2224A24110027E5F2 /* ListHearthstoneCardsService.swift */ = {isa = PBXFileReference; lastKnownFileType = sourcecode.swift; path = ListHearthstoneCardsService.swift; sourceTree = "<group>"; };
		D17BB9C5224A24670027E5F2 /* HearthstoneCardType.swift */ = {isa = PBXFileReference; lastKnownFileType = sourcecode.swift; path = HearthstoneCardType.swift; sourceTree = "<group>"; };
		D17BB9C7224A27700027E5F2 /* HearthstoneCardsStoreInterfaces.swift */ = {isa = PBXFileReference; lastKnownFileType = sourcecode.swift; path = HearthstoneCardsStoreInterfaces.swift; sourceTree = "<group>"; };
		D17BB9C9224A277B0027E5F2 /* HearthstoneCardsWorker.swift */ = {isa = PBXFileReference; lastKnownFileType = sourcecode.swift; path = HearthstoneCardsWorker.swift; sourceTree = "<group>"; };
		D1F96F07222CDF61006E7272 /* ProfileService.swift */ = {isa = PBXFileReference; lastKnownFileType = sourcecode.swift; path = ProfileService.swift; sourceTree = "<group>"; };
		D1FC28EC223F4DD1001C0F70 /* ListCharactersModels.swift */ = {isa = PBXFileReference; lastKnownFileType = sourcecode.swift; path = ListCharactersModels.swift; sourceTree = "<group>"; };
		D1FC28F0223F5337001C0F70 /* CharacterType.swift */ = {isa = PBXFileReference; lastKnownFileType = sourcecode.swift; path = CharacterType.swift; sourceTree = "<group>"; };
		D1FC28F2223F571F001C0F70 /* ListCharactersInterfaces.swift */ = {isa = PBXFileReference; lastKnownFileType = sourcecode.swift; path = ListCharactersInterfaces.swift; sourceTree = "<group>"; };
		D1FC28F5223F5AB3001C0F70 /* DataError.swift */ = {isa = PBXFileReference; lastKnownFileType = sourcecode.swift; path = DataError.swift; sourceTree = "<group>"; };
		D1FC28F8223F5D4F001C0F70 /* Routable.swift */ = {isa = PBXFileReference; lastKnownFileType = sourcecode.swift; path = Routable.swift; sourceTree = "<group>"; };
		D1FC28FA223F7885001C0F70 /* ListCharactersInteractor.swift */ = {isa = PBXFileReference; lastKnownFileType = sourcecode.swift; path = ListCharactersInteractor.swift; sourceTree = "<group>"; };
		D1FC28FC223F78A5001C0F70 /* ListCharactersPresenter.swift */ = {isa = PBXFileReference; lastKnownFileType = sourcecode.swift; path = ListCharactersPresenter.swift; sourceTree = "<group>"; };
		D1FC28FE223F78BF001C0F70 /* ListCharactersRouter.swift */ = {isa = PBXFileReference; lastKnownFileType = sourcecode.swift; path = ListCharactersRouter.swift; sourceTree = "<group>"; };
		D1FC2901223F843D001C0F70 /* CharactersStoreInterfaces.swift */ = {isa = PBXFileReference; lastKnownFileType = sourcecode.swift; path = CharactersStoreInterfaces.swift; sourceTree = "<group>"; };
		D1FC2903223F8475001C0F70 /* CharactersWorker.swift */ = {isa = PBXFileReference; lastKnownFileType = sourcecode.swift; path = CharactersWorker.swift; sourceTree = "<group>"; };
		D1FC2906223F87A9001C0F70 /* Result.swift */ = {isa = PBXFileReference; lastKnownFileType = sourcecode.swift; path = Result.swift; sourceTree = "<group>"; };
		D1FC2908223F880A001C0F70 /* ListCharactersService.swift */ = {isa = PBXFileReference; lastKnownFileType = sourcecode.swift; path = ListCharactersService.swift; sourceTree = "<group>"; };
		E4459430F999E8F25241F897 /* Pods-STRServiceExampleTests.release.xcconfig */ = {isa = PBXFileReference; includeInIndex = 1; lastKnownFileType = text.xcconfig; name = "Pods-STRServiceExampleTests.release.xcconfig"; path = "Target Support Files/Pods-STRServiceExampleTests/Pods-STRServiceExampleTests.release.xcconfig"; sourceTree = "<group>"; };
/* End PBXFileReference section */

/* Begin PBXFrameworksBuildPhase section */
		371169302224DD7600E5B26E /* Frameworks */ = {
			isa = PBXFrameworksBuildPhase;
			buildActionMask = 2147483647;
			files = (
				B6162F7232412B8B3247A2A1 /* Pods_STRServiceExample.framework in Frameworks */,
			);
			runOnlyForDeploymentPostprocessing = 0;
		};
		371169442224DD7D00E5B26E /* Frameworks */ = {
			isa = PBXFrameworksBuildPhase;
			buildActionMask = 2147483647;
			files = (
				A20CD76204FDA51F2F517EA5 /* Pods_STRServiceExampleTests.framework in Frameworks */,
			);
			runOnlyForDeploymentPostprocessing = 0;
		};
/* End PBXFrameworksBuildPhase section */

/* Begin PBXGroup section */
		00A4BCD0223657B700A64228 /* Common */ = {
			isa = PBXGroup;
			children = (
				00A4BCD42236583B00A64228 /* AppDisplayable.swift */,
				00A4BCD62236590D00A64228 /* AppModels.swift */,
				005B659622378930001460E2 /* AppRoutable.swift */,
			);
			path = Common;
			sourceTree = "<group>";
		};
		00A4BCD2223657CF00A64228 /* Scenes */ = {
			isa = PBXGroup;
			children = (
				D118CB16223B9CAC009C6802 /* HomePages */,
				D118CB19223B9F42009C6802 /* ShowSTRService */,
				D118CB1C223BA42F009C6802 /* ListCharacters */,
				D1142B702240E1E500FF7BFB /* ShowCharacter */,
				D1162E1B2244D3D00064A131 /* HearthstoneCards */,
			);
			path = Scenes;
			sourceTree = "<group>";
		};
		11763A9EECE2C8E271D80447 /* Frameworks */ = {
			isa = PBXGroup;
			children = (
				BABE779FEEE11A9CAFE343A2 /* Pods_STRServiceExample.framework */,
				304B9306989DA1968C5FDAA0 /* Pods_STRServiceExampleTests.framework */,
			);
			name = Frameworks;
			sourceTree = "<group>";
		};
		3711692A2224DD7600E5B26E = {
			isa = PBXGroup;
			children = (
				371169352224DD7600E5B26E /* STRServiceExample */,
				3711694A2224DD7D00E5B26E /* STRServiceExampleTests */,
				371169342224DD7600E5B26E /* Products */,
				82DAB67CC6B7346408B4EAA6 /* Pods */,
				11763A9EECE2C8E271D80447 /* Frameworks */,
			);
			sourceTree = "<group>";
		};
		371169342224DD7600E5B26E /* Products */ = {
			isa = PBXGroup;
			children = (
				371169332224DD7600E5B26E /* STRServiceExample.app */,
				371169472224DD7D00E5B26E /* STRServiceExampleTests.xctest */,
			);
			name = Products;
			sourceTree = "<group>";
		};
		371169352224DD7600E5B26E /* STRServiceExample */ = {
			isa = PBXGroup;
			children = (
				00A4BCD0223657B700A64228 /* Common */,
				00A4BCD2223657CF00A64228 /* Scenes */,
				D118CB14223B9C33009C6802 /* Core */,
				371169362224DD7600E5B26E /* AppDelegate.swift */,
				3711693D2224DD7D00E5B26E /* Assets.xcassets */,
				3711693F2224DD7D00E5B26E /* LaunchScreen.storyboard */,
				371169422224DD7D00E5B26E /* Info.plist */,
			);
			path = STRServiceExample;
			sourceTree = "<group>";
		};
		3711694A2224DD7D00E5B26E /* STRServiceExampleTests */ = {
			isa = PBXGroup;
			children = (
				D109DA4F224344BD000DC076 /* AppDelegateExtensions.swift */,
				D124845922422A25009E68CC /* Scenes */,
				3711694D2224DD7D00E5B26E /* Info.plist */,
			);
			path = STRServiceExampleTests;
			sourceTree = "<group>";
		};
		82DAB67CC6B7346408B4EAA6 /* Pods */ = {
			isa = PBXGroup;
			children = (
				B70055D2B0E4619695536F44 /* Pods-STRServiceExample.debug.xcconfig */,
				031BCD420C48842B058AE933 /* Pods-STRServiceExample.release.xcconfig */,
				0C71FFB9B02FAA243185650E /* Pods-STRServiceExampleTests.debug.xcconfig */,
				E4459430F999E8F25241F897 /* Pods-STRServiceExampleTests.release.xcconfig */,
			);
			path = Pods;
			sourceTree = "<group>";
		};
		D109DA5122434927000DC076 /* ListCharacters */ = {
			isa = PBXGroup;
			children = (
				3711694B2224DD7D00E5B26E /* ListCharactersInteractorTest.swift */,
			);
			path = ListCharacters;
			sourceTree = "<group>";
		};
		D10A34172256042000C2E03D /* ShowSTRService */ = {
			isa = PBXGroup;
			children = (
				D10A34182256044800C2E03D /* STRServiceViewControllerTest.swift */,
			);
			path = ShowSTRService;
			sourceTree = "<group>";
		};
		D1142B702240E1E500FF7BFB /* ShowCharacter */ = {
			isa = PBXGroup;
			children = (
				D1142B712240E1FD00FF7BFB /* Common */,
				D1142B772240EA2A00FF7BFB /* ShowCharacter.storyboard */,
				D1142B732240E28700FF7BFB /* ShowCharacterViewController.swift */,
				66BEB4F82241F45200D021AE /* ShowCharacterPresenter.swift */,
				D10ED0532240F46600B5CFD4 /* ShowCharacterInteractor.swift */,
				D10ED0572240F4BD00B5CFD4 /* ShowCharacterRouter.swift */,
			);
			path = ShowCharacter;
			sourceTree = "<group>";
		};
		D1142B712240E1FD00FF7BFB /* Common */ = {
			isa = PBXGroup;
			children = (
				D10ED0592240F4E100B5CFD4 /* ShowCharacterInterfaces.swift */,
				D10ED05B2240F4F700B5CFD4 /* ShowCharacterModels.swift */,
			);
			path = Common;
			sourceTree = "<group>";
		};
		D1162E1B2244D3D00064A131 /* HearthstoneCards */ = {
			isa = PBXGroup;
			children = (
				D17BB9BA224A22B20027E5F2 /* Common */,
				D17BB9B5224A20360027E5F2 /* Controls */,
				D1162E1E2244D4810064A131 /* ListHearthstoneCards.storyboard */,
				D1162E1C2244D4600064A131 /* ListHearthstoneCardsViewController.swift */,
				D17BB9AF224A1F4A0027E5F2 /* ListHearthstoneCardsPresenter.swift */,
				D17BB9B1224A1F570027E5F2 /* ListHearthstoneCardsInteractor.swift */,
				D17BB9B3224A1F640027E5F2 /* ListHearthstoneCardsRouter.swift */,
			);
			path = HearthstoneCards;
			sourceTree = "<group>";
		};
		D118CB14223B9C33009C6802 /* Core */ = {
			isa = PBXGroup;
			children = (
				D1FC2905223F8797001C0F70 /* Enums */,
				D1FC28F7223F5D18001C0F70 /* Protocols */,
				D1FC28F4223F5AA0001C0F70 /* Errors */,
				D1FC28EE223F4E3C001C0F70 /* Stores */,
				D118CB23223BACB6009C6802 /* Account */,
				D118CB2A223BACE0009C6802 /* Dependency */,
				D118CB15223B9C6C009C6802 /* Network */,
			);
			path = Core;
			sourceTree = "<group>";
		};
		D118CB15223B9C6C009C6802 /* Network */ = {
			isa = PBXGroup;
			children = (
				D118CB31223BACF5009C6802 /* HTTPService.swift */,
				D1F96F09222CDF65006E7272 /* Service */,
			);
			path = Network;
			sourceTree = "<group>";
		};
		D118CB16223B9CAC009C6802 /* HomePages */ = {
			isa = PBXGroup;
			children = (
				3711693A2224DD7600E5B26E /* Main.storyboard */,
				D118CB17223B9CD2009C6802 /* MainViewController.swift */,
			);
			path = HomePages;
			sourceTree = "<group>";
		};
		D118CB19223B9F42009C6802 /* ShowSTRService */ = {
			isa = PBXGroup;
			children = (
				D118CB1A223B9F80009C6802 /* STRService.storyboard */,
				371169382224DD7600E5B26E /* STRServiceViewController.swift */,
			);
			path = ShowSTRService;
			sourceTree = "<group>";
		};
		D118CB1C223BA42F009C6802 /* ListCharacters */ = {
			isa = PBXGroup;
			children = (
				D118CB34223BB6C6009C6802 /* Common */,
				D118CB33223BB6BD009C6802 /* Controls */,
				D118CB1D223BA478009C6802 /* ListCharacters.storyboard */,
				D118CB1F223BA492009C6802 /* ListCharactersViewController.swift */,
				D1FC28FA223F7885001C0F70 /* ListCharactersInteractor.swift */,
				D1FC28FC223F78A5001C0F70 /* ListCharactersPresenter.swift */,
				D1FC28FE223F78BF001C0F70 /* ListCharactersRouter.swift */,
			);
			path = ListCharacters;
			sourceTree = "<group>";
		};
		D118CB23223BACB6009C6802 /* Account */ = {
			isa = PBXGroup;
			children = (
				D118CB25223BACCC009C6802 /* AuthenticationInterface.swift */,
				D118CB26223BACCC009C6802 /* AuthenticationNetworkService.swift */,
				D118CB24223BACCC009C6802 /* AuthenticationWorker.swift */,
			);
			path = Account;
			sourceTree = "<group>";
		};
		D118CB2A223BACE0009C6802 /* Dependency */ = {
			isa = PBXGroup;
			children = (
				D118CB2B223BACED009C6802 /* CoreDependency.swift */,
				D118CB2C223BACED009C6802 /* Dependency.swift */,
				D118CB2D223BACED009C6802 /* HasDependency.swift */,
			);
			path = Dependency;
			sourceTree = "<group>";
		};
		D118CB33223BB6BD009C6802 /* Controls */ = {
			isa = PBXGroup;
			children = (
				D118CB35223BB704009C6802 /* ListItemViewCell.swift */,
				D118CB36223BB704009C6802 /* ListItemViewCell.xib */,
			);
			path = Controls;
			sourceTree = "<group>";
		};
		D118CB34223BB6C6009C6802 /* Common */ = {
			isa = PBXGroup;
			children = (
				D1FC28EC223F4DD1001C0F70 /* ListCharactersModels.swift */,
				D1FC28F2223F571F001C0F70 /* ListCharactersInterfaces.swift */,
			);
			path = Common;
			sourceTree = "<group>";
		};
		D124845922422A25009E68CC /* Scenes */ = {
			isa = PBXGroup;
			children = (
				D10A34172256042000C2E03D /* ShowSTRService */,
				D109DA5122434927000DC076 /* ListCharacters */,
				D124845A22422A81009E68CC /* ShowCharacter */,
			);
			path = Scenes;
			sourceTree = "<group>";
		};
		D124845A22422A81009E68CC /* ShowCharacter */ = {
			isa = PBXGroup;
			children = (
				D124845B22422AC9009E68CC /* ShowCharacterInteractorTest.swift */,
			);
			path = ShowCharacter;
			sourceTree = "<group>";
		};
		D17BB9B5224A20360027E5F2 /* Controls */ = {
			isa = PBXGroup;
			children = (
				D17BB9B6224A20820027E5F2 /* HearthstoneCardViewCell.swift */,
				D17BB9B7224A20820027E5F2 /* HearthstoneCardViewCell.xib */,
			);
			path = Controls;
			sourceTree = "<group>";
		};
		D17BB9BA224A22B20027E5F2 /* Common */ = {
			isa = PBXGroup;
			children = (
				D17BB9BB224A22CB0027E5F2 /* ListHearthstoneCardsModels.swift */,
				D17BB9BD224A22D90027E5F2 /* ListHearthstoneCardsInterfaces.swift */,
			);
			path = Common;
			sourceTree = "<group>";
		};
		D17BB9BF224A23E70027E5F2 /* HearthstoneCards */ = {
			isa = PBXGroup;
			children = (
				D17BB9C4224A24530027E5F2 /* Models */,
				D17BB9C7224A27700027E5F2 /* HearthstoneCardsStoreInterfaces.swift */,
				D17BB9C9224A277B0027E5F2 /* HearthstoneCardsWorker.swift */,
			);
			path = HearthstoneCards;
			sourceTree = "<group>";
		};
		D17BB9C4224A24530027E5F2 /* Models */ = {
			isa = PBXGroup;
			children = (
				D17BB9C5224A24670027E5F2 /* HearthstoneCardType.swift */,
			);
			path = Models;
			sourceTree = "<group>";
		};
		D1F96F09222CDF65006E7272 /* Service */ = {
			isa = PBXGroup;
			children = (
				3711695B2225212F00E5B26E /* LoginService.swift */,
				D1F96F07222CDF61006E7272 /* ProfileService.swift */,
				D1FC2908223F880A001C0F70 /* ListCharactersService.swift */,
				D10ED05D2240FC7200B5CFD4 /* CharacterService.swift */,
				D17BB9C2224A24110027E5F2 /* ListHearthstoneCardsService.swift */,
				D1137C42224DDA0E00988ED7 /* STRService.swift */,
			);
			path = Service;
			sourceTree = "<group>";
		};
		D1FC28EE223F4E3C001C0F70 /* Stores */ = {
			isa = PBXGroup;
			children = (
				D17BB9BF224A23E70027E5F2 /* HearthstoneCards */,
				D1FC28EF223F4E43001C0F70 /* Character */,
			);
			path = Stores;
			sourceTree = "<group>";
		};
		D1FC28EF223F4E43001C0F70 /* Character */ = {
			isa = PBXGroup;
			children = (
				D1FC2900223F841C001C0F70 /* Models */,
				D1FC2901223F843D001C0F70 /* CharactersStoreInterfaces.swift */,
				D1FC2903223F8475001C0F70 /* CharactersWorker.swift */,
				D10ED05F2240FD0600B5CFD4 /* CharacterWorker.swift */,
			);
			path = Character;
			sourceTree = "<group>";
		};
		D1FC28F4223F5AA0001C0F70 /* Errors */ = {
			isa = PBXGroup;
			children = (
				D1FC28F5223F5AB3001C0F70 /* DataError.swift */,
			);
			path = Errors;
			sourceTree = "<group>";
		};
		D1FC28F7223F5D18001C0F70 /* Protocols */ = {
			isa = PBXGroup;
			children = (
				D1FC28F8223F5D4F001C0F70 /* Routable.swift */,
			);
			path = Protocols;
			sourceTree = "<group>";
		};
		D1FC2900223F841C001C0F70 /* Models */ = {
			isa = PBXGroup;
			children = (
				D1FC28F0223F5337001C0F70 /* CharacterType.swift */,
			);
			path = Models;
			sourceTree = "<group>";
		};
		D1FC2905223F8797001C0F70 /* Enums */ = {
			isa = PBXGroup;
			children = (
				D1FC2906223F87A9001C0F70 /* Result.swift */,
			);
			path = Enums;
			sourceTree = "<group>";
		};
/* End PBXGroup section */

/* Begin PBXNativeTarget section */
		371169322224DD7600E5B26E /* STRServiceExample */ = {
			isa = PBXNativeTarget;
			buildConfigurationList = 371169502224DD7D00E5B26E /* Build configuration list for PBXNativeTarget "STRServiceExample" */;
			buildPhases = (
				84AACD072858C93454535271 /* [CP] Check Pods Manifest.lock */,
				3711692F2224DD7600E5B26E /* Sources */,
				371169302224DD7600E5B26E /* Frameworks */,
				371169312224DD7600E5B26E /* Resources */,
				97D592EE825933877B627EC8 /* [CP] Embed Pods Frameworks */,
			);
			buildRules = (
			);
			dependencies = (
			);
			name = STRServiceExample;
			productName = STRServiceExample;
			productReference = 371169332224DD7600E5B26E /* STRServiceExample.app */;
			productType = "com.apple.product-type.application";
		};
		371169462224DD7D00E5B26E /* STRServiceExampleTests */ = {
			isa = PBXNativeTarget;
			buildConfigurationList = 371169532224DD7D00E5B26E /* Build configuration list for PBXNativeTarget "STRServiceExampleTests" */;
			buildPhases = (
				E73521F875DFC76A9F83BF32 /* [CP] Check Pods Manifest.lock */,
				371169432224DD7D00E5B26E /* Sources */,
				371169442224DD7D00E5B26E /* Frameworks */,
				371169452224DD7D00E5B26E /* Resources */,
			);
			buildRules = (
			);
			dependencies = (
				371169492224DD7D00E5B26E /* PBXTargetDependency */,
			);
			name = STRServiceExampleTests;
			productName = STRServiceExampleTests;
			productReference = 371169472224DD7D00E5B26E /* STRServiceExampleTests.xctest */;
			productType = "com.apple.product-type.bundle.unit-test";
		};
/* End PBXNativeTarget section */

/* Begin PBXProject section */
		3711692B2224DD7600E5B26E /* Project object */ = {
			isa = PBXProject;
			attributes = {
				LastSwiftUpdateCheck = 1010;
				LastUpgradeCheck = 1010;
				ORGANIZATIONNAME = "";
				TargetAttributes = {
					371169322224DD7600E5B26E = {
						CreatedOnToolsVersion = 10.1;
					};
					371169462224DD7D00E5B26E = {
						CreatedOnToolsVersion = 10.1;
						TestTargetID = 371169322224DD7600E5B26E;
					};
				};
			};
			buildConfigurationList = 3711692E2224DD7600E5B26E /* Build configuration list for PBXProject "STRServiceExample" */;
			compatibilityVersion = "Xcode 10.0";
			developmentRegion = en;
			hasScannedForEncodings = 0;
			knownRegions = (
				en,
				Base,
			);
			mainGroup = 3711692A2224DD7600E5B26E;
			productRefGroup = 371169342224DD7600E5B26E /* Products */;
			projectDirPath = "";
			projectRoot = "";
			targets = (
				371169322224DD7600E5B26E /* STRServiceExample */,
				371169462224DD7D00E5B26E /* STRServiceExampleTests */,
			);
		};
/* End PBXProject section */

/* Begin PBXResourcesBuildPhase section */
		371169312224DD7600E5B26E /* Resources */ = {
			isa = PBXResourcesBuildPhase;
			buildActionMask = 2147483647;
			files = (
				D118CB1E223BA478009C6802 /* ListCharacters.storyboard in Resources */,
				D17BB9B9224A20820027E5F2 /* HearthstoneCardViewCell.xib in Resources */,
				D118CB38223BB704009C6802 /* ListItemViewCell.xib in Resources */,
				371169412224DD7D00E5B26E /* LaunchScreen.storyboard in Resources */,
				3711693E2224DD7D00E5B26E /* Assets.xcassets in Resources */,
				D1162E1F2244D4810064A131 /* ListHearthstoneCards.storyboard in Resources */,
				D118CB1B223B9F80009C6802 /* STRService.storyboard in Resources */,
				3711693C2224DD7600E5B26E /* Main.storyboard in Resources */,
				D1142B782240EA2A00FF7BFB /* ShowCharacter.storyboard in Resources */,
			);
			runOnlyForDeploymentPostprocessing = 0;
		};
		371169452224DD7D00E5B26E /* Resources */ = {
			isa = PBXResourcesBuildPhase;
			buildActionMask = 2147483647;
			files = (
			);
			runOnlyForDeploymentPostprocessing = 0;
		};
/* End PBXResourcesBuildPhase section */

/* Begin PBXShellScriptBuildPhase section */
		84AACD072858C93454535271 /* [CP] Check Pods Manifest.lock */ = {
			isa = PBXShellScriptBuildPhase;
			buildActionMask = 2147483647;
			files = (
			);
			inputFileListPaths = (
			);
			inputPaths = (
				"${PODS_PODFILE_DIR_PATH}/Podfile.lock",
				"${PODS_ROOT}/Manifest.lock",
			);
			name = "[CP] Check Pods Manifest.lock";
			outputFileListPaths = (
			);
			outputPaths = (
				"$(DERIVED_FILE_DIR)/Pods-STRServiceExample-checkManifestLockResult.txt",
			);
			runOnlyForDeploymentPostprocessing = 0;
			shellPath = /bin/sh;
			shellScript = "diff \"${PODS_PODFILE_DIR_PATH}/Podfile.lock\" \"${PODS_ROOT}/Manifest.lock\" > /dev/null\nif [ $? != 0 ] ; then\n    # print error to STDERR\n    echo \"error: The sandbox is not in sync with the Podfile.lock. Run 'pod install' or update your CocoaPods installation.\" >&2\n    exit 1\nfi\n# This output is used by Xcode 'outputs' to avoid re-running this script phase.\necho \"SUCCESS\" > \"${SCRIPT_OUTPUT_FILE_0}\"\n";
			showEnvVarsInLog = 0;
		};
		97D592EE825933877B627EC8 /* [CP] Embed Pods Frameworks */ = {
			isa = PBXShellScriptBuildPhase;
			buildActionMask = 2147483647;
			files = (
			);
			inputFileListPaths = (
			);
			inputPaths = (
				"${PODS_ROOT}/Target Support Files/Pods-STRServiceExample/Pods-STRServiceExample-frameworks.sh",
				"${BUILT_PRODUCTS_DIR}/Alamofire/Alamofire.framework",
				"${BUILT_PRODUCTS_DIR}/AlamofireObjectMapper/AlamofireObjectMapper.framework",
				"${BUILT_PRODUCTS_DIR}/OHHTTPStubs/OHHTTPStubs.framework",
				"${BUILT_PRODUCTS_DIR}/ObjectMapper/ObjectMapper.framework",
				"${BUILT_PRODUCTS_DIR}/PromiseKit/PromiseKit.framework",
				"${BUILT_PRODUCTS_DIR}/STRService/STRService.framework",
				"${BUILT_PRODUCTS_DIR}/netfox/netfox.framework",
			);
			name = "[CP] Embed Pods Frameworks";
			outputFileListPaths = (
			);
			outputPaths = (
				"${TARGET_BUILD_DIR}/${FRAMEWORKS_FOLDER_PATH}/Alamofire.framework",
				"${TARGET_BUILD_DIR}/${FRAMEWORKS_FOLDER_PATH}/AlamofireObjectMapper.framework",
				"${TARGET_BUILD_DIR}/${FRAMEWORKS_FOLDER_PATH}/OHHTTPStubs.framework",
				"${TARGET_BUILD_DIR}/${FRAMEWORKS_FOLDER_PATH}/ObjectMapper.framework",
				"${TARGET_BUILD_DIR}/${FRAMEWORKS_FOLDER_PATH}/PromiseKit.framework",
				"${TARGET_BUILD_DIR}/${FRAMEWORKS_FOLDER_PATH}/STRService.framework",
				"${TARGET_BUILD_DIR}/${FRAMEWORKS_FOLDER_PATH}/netfox.framework",
			);
			runOnlyForDeploymentPostprocessing = 0;
			shellPath = /bin/sh;
			shellScript = "\"${PODS_ROOT}/Target Support Files/Pods-STRServiceExample/Pods-STRServiceExample-frameworks.sh\"\n";
			showEnvVarsInLog = 0;
		};
		E73521F875DFC76A9F83BF32 /* [CP] Check Pods Manifest.lock */ = {
			isa = PBXShellScriptBuildPhase;
			buildActionMask = 2147483647;
			files = (
			);
			inputFileListPaths = (
			);
			inputPaths = (
				"${PODS_PODFILE_DIR_PATH}/Podfile.lock",
				"${PODS_ROOT}/Manifest.lock",
			);
			name = "[CP] Check Pods Manifest.lock";
			outputFileListPaths = (
			);
			outputPaths = (
				"$(DERIVED_FILE_DIR)/Pods-STRServiceExampleTests-checkManifestLockResult.txt",
			);
			runOnlyForDeploymentPostprocessing = 0;
			shellPath = /bin/sh;
			shellScript = "diff \"${PODS_PODFILE_DIR_PATH}/Podfile.lock\" \"${PODS_ROOT}/Manifest.lock\" > /dev/null\nif [ $? != 0 ] ; then\n    # print error to STDERR\n    echo \"error: The sandbox is not in sync with the Podfile.lock. Run 'pod install' or update your CocoaPods installation.\" >&2\n    exit 1\nfi\n# This output is used by Xcode 'outputs' to avoid re-running this script phase.\necho \"SUCCESS\" > \"${SCRIPT_OUTPUT_FILE_0}\"\n";
			showEnvVarsInLog = 0;
		};
/* End PBXShellScriptBuildPhase section */

/* Begin PBXSourcesBuildPhase section */
		3711692F2224DD7600E5B26E /* Sources */ = {
			isa = PBXSourcesBuildPhase;
			buildActionMask = 2147483647;
			files = (
				D10ED05C2240F4F700B5CFD4 /* ShowCharacterModels.swift in Sources */,
				D1162E1D2244D4600064A131 /* ListHearthstoneCardsViewController.swift in Sources */,
				D1FC28FF223F78BF001C0F70 /* ListCharactersRouter.swift in Sources */,
				00A4BCD72236590D00A64228 /* AppModels.swift in Sources */,
				D118CB18223B9CD2009C6802 /* MainViewController.swift in Sources */,
				D17BB9C6224A24670027E5F2 /* HearthstoneCardType.swift in Sources */,
				D118CB2F223BACED009C6802 /* Dependency.swift in Sources */,
				D118CB37223BB704009C6802 /* ListItemViewCell.swift in Sources */,
				371169392224DD7600E5B26E /* STRServiceViewController.swift in Sources */,
				D1FC28F1223F5337001C0F70 /* CharacterType.swift in Sources */,
				D1FC28FD223F78A5001C0F70 /* ListCharactersPresenter.swift in Sources */,
				D10ED05A2240F4E100B5CFD4 /* ShowCharacterInterfaces.swift in Sources */,
				005B659722378930001460E2 /* AppRoutable.swift in Sources */,
				00A4BCD52236583B00A64228 /* AppDisplayable.swift in Sources */,
				D1FC2904223F8475001C0F70 /* CharactersWorker.swift in Sources */,
				D118CB20223BA492009C6802 /* ListCharactersViewController.swift in Sources */,
				D118CB27223BACCC009C6802 /* AuthenticationWorker.swift in Sources */,
				D17BB9CA224A277B0027E5F2 /* HearthstoneCardsWorker.swift in Sources */,
				D10ED05E2240FC7200B5CFD4 /* CharacterService.swift in Sources */,
				D118CB28223BACCC009C6802 /* AuthenticationInterface.swift in Sources */,
				D17BB9C8224A27700027E5F2 /* HearthstoneCardsStoreInterfaces.swift in Sources */,
				D17BB9C3224A24110027E5F2 /* ListHearthstoneCardsService.swift in Sources */,
				D17BB9BC224A22CB0027E5F2 /* ListHearthstoneCardsModels.swift in Sources */,
				D118CB32223BACF5009C6802 /* HTTPService.swift in Sources */,
				D118CB30223BACED009C6802 /* HasDependency.swift in Sources */,
				3711695C2225212F00E5B26E /* LoginService.swift in Sources */,
				D17BB9B2224A1F570027E5F2 /* ListHearthstoneCardsInteractor.swift in Sources */,
				D1142B752240E28700FF7BFB /* ShowCharacterViewController.swift in Sources */,
				D10ED0582240F4BD00B5CFD4 /* ShowCharacterRouter.swift in Sources */,
				D1FC2907223F87A9001C0F70 /* Result.swift in Sources */,
				D118CB29223BACCC009C6802 /* AuthenticationNetworkService.swift in Sources */,
				D10ED0542240F46600B5CFD4 /* ShowCharacterInteractor.swift in Sources */,
				D1FC2909223F880A001C0F70 /* ListCharactersService.swift in Sources */,
				D17BB9B4224A1F640027E5F2 /* ListHearthstoneCardsRouter.swift in Sources */,
				D1FC28ED223F4DD1001C0F70 /* ListCharactersModels.swift in Sources */,
				D17BB9B8224A20820027E5F2 /* HearthstoneCardViewCell.swift in Sources */,
				D17BB9B0224A1F4A0027E5F2 /* ListHearthstoneCardsPresenter.swift in Sources */,
				371169372224DD7600E5B26E /* AppDelegate.swift in Sources */,
				D109DA50224344BD000DC076 /* AppDelegateExtensions.swift in Sources */,
				D1FC2902223F843D001C0F70 /* CharactersStoreInterfaces.swift in Sources */,
				D1FC28F3223F571F001C0F70 /* ListCharactersInterfaces.swift in Sources */,
				D118CB2E223BACED009C6802 /* CoreDependency.swift in Sources */,
				D17BB9BE224A22D90027E5F2 /* ListHearthstoneCardsInterfaces.swift in Sources */,
				D1FC28FB223F7885001C0F70 /* ListCharactersInteractor.swift in Sources */,
				D1FC28F6223F5AB3001C0F70 /* DataError.swift in Sources */,
				D10ED0602240FD0600B5CFD4 /* CharacterWorker.swift in Sources */,
				D1FC28F9223F5D4F001C0F70 /* Routable.swift in Sources */,
				D1F96F08222CDF61006E7272 /* ProfileService.swift in Sources */,
				66BEB4F92241F45200D021AE /* ShowCharacterPresenter.swift in Sources */,
				D1137C43224DDA0E00988ED7 /* STRService.swift in Sources */,
			);
			runOnlyForDeploymentPostprocessing = 0;
		};
		371169432224DD7D00E5B26E /* Sources */ = {
			isa = PBXSourcesBuildPhase;
			buildActionMask = 2147483647;
			files = (
				D10A34192256044800C2E03D /* STRServiceViewControllerTest.swift in Sources */,
				3711694C2224DD7D00E5B26E /* ListCharactersInteractorTest.swift in Sources */,
				D124845C22422AC9009E68CC /* ShowCharacterInteractorTest.swift in Sources */,
			);
			runOnlyForDeploymentPostprocessing = 0;
		};
/* End PBXSourcesBuildPhase section */

/* Begin PBXTargetDependency section */
		371169492224DD7D00E5B26E /* PBXTargetDependency */ = {
			isa = PBXTargetDependency;
			target = 371169322224DD7600E5B26E /* STRServiceExample */;
			targetProxy = 371169482224DD7D00E5B26E /* PBXContainerItemProxy */;
		};
/* End PBXTargetDependency section */

/* Begin PBXVariantGroup section */
		3711693A2224DD7600E5B26E /* Main.storyboard */ = {
			isa = PBXVariantGroup;
			children = (
				3711693B2224DD7600E5B26E /* Base */,
			);
			name = Main.storyboard;
			sourceTree = "<group>";
		};
		3711693F2224DD7D00E5B26E /* LaunchScreen.storyboard */ = {
			isa = PBXVariantGroup;
			children = (
				371169402224DD7D00E5B26E /* Base */,
			);
			name = LaunchScreen.storyboard;
			sourceTree = "<group>";
		};
/* End PBXVariantGroup section */

/* Begin XCBuildConfiguration section */
		3711694E2224DD7D00E5B26E /* Debug */ = {
			isa = XCBuildConfiguration;
			buildSettings = {
				ALWAYS_SEARCH_USER_PATHS = NO;
				CLANG_ANALYZER_NONNULL = YES;
				CLANG_ANALYZER_NUMBER_OBJECT_CONVERSION = YES_AGGRESSIVE;
				CLANG_CXX_LANGUAGE_STANDARD = "gnu++14";
				CLANG_CXX_LIBRARY = "libc++";
				CLANG_ENABLE_MODULES = YES;
				CLANG_ENABLE_OBJC_ARC = YES;
				CLANG_ENABLE_OBJC_WEAK = YES;
				CLANG_WARN_BLOCK_CAPTURE_AUTORELEASING = YES;
				CLANG_WARN_BOOL_CONVERSION = YES;
				CLANG_WARN_COMMA = YES;
				CLANG_WARN_CONSTANT_CONVERSION = YES;
				CLANG_WARN_DEPRECATED_OBJC_IMPLEMENTATIONS = YES;
				CLANG_WARN_DIRECT_OBJC_ISA_USAGE = YES_ERROR;
				CLANG_WARN_DOCUMENTATION_COMMENTS = YES;
				CLANG_WARN_EMPTY_BODY = YES;
				CLANG_WARN_ENUM_CONVERSION = YES;
				CLANG_WARN_INFINITE_RECURSION = YES;
				CLANG_WARN_INT_CONVERSION = YES;
				CLANG_WARN_NON_LITERAL_NULL_CONVERSION = YES;
				CLANG_WARN_OBJC_IMPLICIT_RETAIN_SELF = YES;
				CLANG_WARN_OBJC_LITERAL_CONVERSION = YES;
				CLANG_WARN_OBJC_ROOT_CLASS = YES_ERROR;
				CLANG_WARN_RANGE_LOOP_ANALYSIS = YES;
				CLANG_WARN_STRICT_PROTOTYPES = YES;
				CLANG_WARN_SUSPICIOUS_MOVE = YES;
				CLANG_WARN_UNGUARDED_AVAILABILITY = YES_AGGRESSIVE;
				CLANG_WARN_UNREACHABLE_CODE = YES;
				CLANG_WARN__DUPLICATE_METHOD_MATCH = YES;
				CODE_SIGN_IDENTITY = "iPhone Developer";
				COPY_PHASE_STRIP = NO;
				DEBUG_INFORMATION_FORMAT = dwarf;
				ENABLE_STRICT_OBJC_MSGSEND = YES;
				ENABLE_TESTABILITY = YES;
				GCC_C_LANGUAGE_STANDARD = gnu11;
				GCC_DYNAMIC_NO_PIC = NO;
				GCC_NO_COMMON_BLOCKS = YES;
				GCC_OPTIMIZATION_LEVEL = 0;
				GCC_PREPROCESSOR_DEFINITIONS = (
					"DEBUG=1",
					"$(inherited)",
				);
				GCC_WARN_64_TO_32_BIT_CONVERSION = YES;
				GCC_WARN_ABOUT_RETURN_TYPE = YES_ERROR;
				GCC_WARN_UNDECLARED_SELECTOR = YES;
				GCC_WARN_UNINITIALIZED_AUTOS = YES_AGGRESSIVE;
				GCC_WARN_UNUSED_FUNCTION = YES;
				GCC_WARN_UNUSED_VARIABLE = YES;
				IPHONEOS_DEPLOYMENT_TARGET = 12.1;
				MTL_ENABLE_DEBUG_INFO = INCLUDE_SOURCE;
				MTL_FAST_MATH = YES;
				ONLY_ACTIVE_ARCH = YES;
				SDKROOT = iphoneos;
				SWIFT_ACTIVE_COMPILATION_CONDITIONS = DEBUG;
				SWIFT_OPTIMIZATION_LEVEL = "-Onone";
			};
			name = Debug;
		};
		3711694F2224DD7D00E5B26E /* Release */ = {
			isa = XCBuildConfiguration;
			buildSettings = {
				ALWAYS_SEARCH_USER_PATHS = NO;
				CLANG_ANALYZER_NONNULL = YES;
				CLANG_ANALYZER_NUMBER_OBJECT_CONVERSION = YES_AGGRESSIVE;
				CLANG_CXX_LANGUAGE_STANDARD = "gnu++14";
				CLANG_CXX_LIBRARY = "libc++";
				CLANG_ENABLE_MODULES = YES;
				CLANG_ENABLE_OBJC_ARC = YES;
				CLANG_ENABLE_OBJC_WEAK = YES;
				CLANG_WARN_BLOCK_CAPTURE_AUTORELEASING = YES;
				CLANG_WARN_BOOL_CONVERSION = YES;
				CLANG_WARN_COMMA = YES;
				CLANG_WARN_CONSTANT_CONVERSION = YES;
				CLANG_WARN_DEPRECATED_OBJC_IMPLEMENTATIONS = YES;
				CLANG_WARN_DIRECT_OBJC_ISA_USAGE = YES_ERROR;
				CLANG_WARN_DOCUMENTATION_COMMENTS = YES;
				CLANG_WARN_EMPTY_BODY = YES;
				CLANG_WARN_ENUM_CONVERSION = YES;
				CLANG_WARN_INFINITE_RECURSION = YES;
				CLANG_WARN_INT_CONVERSION = YES;
				CLANG_WARN_NON_LITERAL_NULL_CONVERSION = YES;
				CLANG_WARN_OBJC_IMPLICIT_RETAIN_SELF = YES;
				CLANG_WARN_OBJC_LITERAL_CONVERSION = YES;
				CLANG_WARN_OBJC_ROOT_CLASS = YES_ERROR;
				CLANG_WARN_RANGE_LOOP_ANALYSIS = YES;
				CLANG_WARN_STRICT_PROTOTYPES = YES;
				CLANG_WARN_SUSPICIOUS_MOVE = YES;
				CLANG_WARN_UNGUARDED_AVAILABILITY = YES_AGGRESSIVE;
				CLANG_WARN_UNREACHABLE_CODE = YES;
				CLANG_WARN__DUPLICATE_METHOD_MATCH = YES;
				CODE_SIGN_IDENTITY = "iPhone Developer";
				COPY_PHASE_STRIP = NO;
				DEBUG_INFORMATION_FORMAT = "dwarf-with-dsym";
				ENABLE_NS_ASSERTIONS = NO;
				ENABLE_STRICT_OBJC_MSGSEND = YES;
				GCC_C_LANGUAGE_STANDARD = gnu11;
				GCC_NO_COMMON_BLOCKS = YES;
				GCC_WARN_64_TO_32_BIT_CONVERSION = YES;
				GCC_WARN_ABOUT_RETURN_TYPE = YES_ERROR;
				GCC_WARN_UNDECLARED_SELECTOR = YES;
				GCC_WARN_UNINITIALIZED_AUTOS = YES_AGGRESSIVE;
				GCC_WARN_UNUSED_FUNCTION = YES;
				GCC_WARN_UNUSED_VARIABLE = YES;
				IPHONEOS_DEPLOYMENT_TARGET = 12.1;
				MTL_ENABLE_DEBUG_INFO = NO;
				MTL_FAST_MATH = YES;
				SDKROOT = iphoneos;
				SWIFT_COMPILATION_MODE = wholemodule;
				SWIFT_OPTIMIZATION_LEVEL = "-O";
				VALIDATE_PRODUCT = YES;
			};
			name = Release;
		};
		371169512224DD7D00E5B26E /* Debug */ = {
			isa = XCBuildConfiguration;
			baseConfigurationReference = B70055D2B0E4619695536F44 /* Pods-STRServiceExample.debug.xcconfig */;
			buildSettings = {
				ASSETCATALOG_COMPILER_APPICON_NAME = AppIcon;
				CODE_SIGN_STYLE = Automatic;
				DEVELOPMENT_TEAM = Y795KF44JK;
				INFOPLIST_FILE = STRServiceExample/Info.plist;
				IPHONEOS_DEPLOYMENT_TARGET = 9.0;
				LD_RUNPATH_SEARCH_PATHS = (
					"$(inherited)",
					"@executable_path/Frameworks",
				);
				PRODUCT_BUNDLE_IDENTIFIER = tma.dc11.strservice;
				PRODUCT_NAME = "$(TARGET_NAME)";
				SWIFT_VERSION = 4.2;
				TARGETED_DEVICE_FAMILY = "1,2";
			};
			name = Debug;
		};
		371169522224DD7D00E5B26E /* Release */ = {
			isa = XCBuildConfiguration;
			baseConfigurationReference = 031BCD420C48842B058AE933 /* Pods-STRServiceExample.release.xcconfig */;
			buildSettings = {
				ASSETCATALOG_COMPILER_APPICON_NAME = AppIcon;
				CODE_SIGN_STYLE = Automatic;
				DEVELOPMENT_TEAM = Y795KF44JK;
				INFOPLIST_FILE = STRServiceExample/Info.plist;
				IPHONEOS_DEPLOYMENT_TARGET = 9.0;
				LD_RUNPATH_SEARCH_PATHS = (
					"$(inherited)",
					"@executable_path/Frameworks",
				);
				PRODUCT_BUNDLE_IDENTIFIER = tma.dc11.strservice;
				PRODUCT_NAME = "$(TARGET_NAME)";
				SWIFT_VERSION = 4.2;
				TARGETED_DEVICE_FAMILY = "1,2";
			};
			name = Release;
		};
		371169542224DD7D00E5B26E /* Debug */ = {
			isa = XCBuildConfiguration;
			baseConfigurationReference = 0C71FFB9B02FAA243185650E /* Pods-STRServiceExampleTests.debug.xcconfig */;
			buildSettings = {
				ALWAYS_EMBED_SWIFT_STANDARD_LIBRARIES = YES;
				BUNDLE_LOADER = "$(TEST_HOST)";
				CODE_SIGN_STYLE = Automatic;
				DEVELOPMENT_TEAM = Y795KF44JK;
				INFOPLIST_FILE = STRServiceExampleTests/Info.plist;
				LD_RUNPATH_SEARCH_PATHS = (
					"$(inherited)",
					"@executable_path/Frameworks",
					"@loader_path/Frameworks",
				);
				PRODUCT_BUNDLE_IDENTIFIER = dc11.STRServiceExampleTests;
				PRODUCT_NAME = "$(TARGET_NAME)";
				SWIFT_VERSION = 4.2;
				TARGETED_DEVICE_FAMILY = "1,2";
				TEST_HOST = "$(BUILT_PRODUCTS_DIR)/STRServiceExample.app/STRServiceExample";
			};
			name = Debug;
		};
		371169552224DD7D00E5B26E /* Release */ = {
			isa = XCBuildConfiguration;
			baseConfigurationReference = E4459430F999E8F25241F897 /* Pods-STRServiceExampleTests.release.xcconfig */;
			buildSettings = {
				ALWAYS_EMBED_SWIFT_STANDARD_LIBRARIES = YES;
				BUNDLE_LOADER = "$(TEST_HOST)";
				CODE_SIGN_STYLE = Automatic;
				DEVELOPMENT_TEAM = Y795KF44JK;
				INFOPLIST_FILE = STRServiceExampleTests/Info.plist;
				LD_RUNPATH_SEARCH_PATHS = (
					"$(inherited)",
					"@executable_path/Frameworks",
					"@loader_path/Frameworks",
				);
				PRODUCT_BUNDLE_IDENTIFIER = dc11.STRServiceExampleTests;
				PRODUCT_NAME = "$(TARGET_NAME)";
				SWIFT_VERSION = 4.2;
				TARGETED_DEVICE_FAMILY = "1,2";
				TEST_HOST = "$(BUILT_PRODUCTS_DIR)/STRServiceExample.app/STRServiceExample";
			};
			name = Release;
		};
/* End XCBuildConfiguration section */

/* Begin XCConfigurationList section */
		3711692E2224DD7600E5B26E /* Build configuration list for PBXProject "STRServiceExample" */ = {
			isa = XCConfigurationList;
			buildConfigurations = (
				3711694E2224DD7D00E5B26E /* Debug */,
				3711694F2224DD7D00E5B26E /* Release */,
			);
			defaultConfigurationIsVisible = 0;
			defaultConfigurationName = Release;
		};
		371169502224DD7D00E5B26E /* Build configuration list for PBXNativeTarget "STRServiceExample" */ = {
			isa = XCConfigurationList;
			buildConfigurations = (
				371169512224DD7D00E5B26E /* Debug */,
				371169522224DD7D00E5B26E /* Release */,
			);
			defaultConfigurationIsVisible = 0;
			defaultConfigurationName = Release;
		};
		371169532224DD7D00E5B26E /* Build configuration list for PBXNativeTarget "STRServiceExampleTests" */ = {
			isa = XCConfigurationList;
			buildConfigurations = (
				371169542224DD7D00E5B26E /* Debug */,
				371169552224DD7D00E5B26E /* Release */,
			);
			defaultConfigurationIsVisible = 0;
			defaultConfigurationName = Release;
		};
/* End XCConfigurationList section */
	};
	rootObject = 3711692B2224DD7600E5B26E /* Project object */;
}
