PODS:
  - Alamofire (4.8.0)
  - ObjectMapper (3.4.2)

DEPENDENCIES:
  - Alamofire
  - ObjectMapper

SPEC REPOS:
  https://github.com/cocoapods/specs.git:
    - Alamofire
    - ObjectMapper

SPEC CHECKSUMS:
  Alamofire: 3ec537f71edc9804815215393ae2b1a8ea33a844
  ObjectMapper: 0d4402610f4e468903ae64629eec4784531e5c51

PODFILE CHECKSUM: 16ce1d3298f148653bf9b477a74ec28cfd298e51

COCOAPODS: 1.6.1
